
Microsoft Visual Studio Solution File, Format Version 12.00
# Visual Studio 15
Project("{FAE04EC0-301F-11D3-BF4B-00C04F79EFBC}") = "Zenject", "Zenject.csproj", "{8D578A85-3A49-EB4D-1E65-4E1FD89C4D67}"
EndProject
Project("{FAE04EC0-301F-11D3-BF4B-00C04F79EFBC}") = "UniRx", "UniRx.csproj", "{F8CBF5AE-A270-B52E-C595-7A10C5B5C31C}"
EndProject
Project("{FAE04EC0-301F-11D3-BF4B-00C04F79EFBC}") = "Assembly-CSharp", "Assembly-CSharp.csproj", "{BE8358C8-854D-560D-19AA-0983D08A936E}"
EndProject
Project("{FAE04EC0-301F-11D3-BF4B-00C04F79EFBC}") = "LeanTouch", "LeanTouch.csproj", "{3027B7C5-B32E-0C1E-7E50-2D88DD47469C}"
EndProject
Project("{FAE04EC0-301F-11D3-BF4B-00C04F79EFBC}") = "UniRx.Examples", "UniRx.Examples.csproj", "{ACF8ADA2-9AB4-29C4-1499-503B0AFB9BDE}"
EndProject
Project("{FAE04EC0-301F-11D3-BF4B-00C04F79EFBC}") = "NavMeshComponents", "NavMeshComponents.csproj", "{AF719614-9176-676C-78C4-A11021220E79}"
EndProject
Project("{FAE04EC0-301F-11D3-BF4B-00C04F79EFBC}") = "LeanCommon", "LeanCommon.csproj", "{6C9841B6-23F4-B02D-4425-3D26CAB2D587}"
EndProject
Project("{FAE04EC0-301F-11D3-BF4B-00C04F79EFBC}") = "Zenject-PoolMonitor-Editor", "Zenject-PoolMonitor-Editor.csproj", "{FD305C8F-5805-B6F0-B1BD-92FF2B5302E6}"
EndProject
Project("{FAE04EC0-301F-11D3-BF4B-00C04F79EFBC}") = "NavMeshComponentsEditor", "NavMeshComponentsEditor.csproj", "{F99E8002-BE46-9E4C-0A93-B35EC7C50A6F}"
EndProject
Project("{FAE04EC0-301F-11D3-BF4B-00C04F79EFBC}") = "Assembly-CSharp-Editor", "Assembly-CSharp-Editor.csproj", "{B7A8C759-47E3-0040-D571-CEE0AB816163}"
EndProject
Project("{FAE04EC0-301F-11D3-BF4B-00C04F79EFBC}") = "Zenject-ReflectionBaking-Editor", "Zenject-ReflectionBaking-Editor.csproj", "{AAD700D8-12C2-2AA4-333A-547B9B99EF13}"
EndProject
Project("{FAE04EC0-301F-11D3-BF4B-00C04F79EFBC}") = "Zenject-Editor", "Zenject-Editor.csproj", "{0B690235-2D64-0E97-FA49-6FA6DC5796A3}"
EndProject
Project("{FAE04EC0-301F-11D3-BF4B-00C04F79EFBC}") = "Zenject-TestFramework", "Zenject-TestFramework.csproj", "{F0D2E34C-1FA5-2734-9ECC-846DB5A341F4}"
EndProject
Global
	GlobalSection(SolutionConfigurationPlatforms) = preSolution
		Debug|Any CPU = Debug|Any CPU
		Release|Any CPU = Release|Any CPU
	EndGlobalSection
	GlobalSection(ProjectConfigurationPlatforms) = postSolution
		{8D578A85-3A49-EB4D-1E65-4E1FD89C4D67}.Debug|Any CPU.ActiveCfg = Debug|Any CPU
		{8D578A85-3A49-EB4D-1E65-4E1FD89C4D67}.Debug|Any CPU.Build.0 = Debug|Any CPU
		{8D578A85-3A49-EB4D-1E65-4E1FD89C4D67}.Release|Any CPU.ActiveCfg = Release|Any CPU
		{8D578A85-3A49-EB4D-1E65-4E1FD89C4D67}.Release|Any CPU.Build.0 = Release|Any CPU
		{F8CBF5AE-A270-B52E-C595-7A10C5B5C31C}.Debug|Any CPU.ActiveCfg = Debug|Any CPU
		{F8CBF5AE-A270-B52E-C595-7A10C5B5C31C}.Debug|Any CPU.Build.0 = Debug|Any CPU
		{F8CBF5AE-A270-B52E-C595-7A10C5B5C31C}.Release|Any CPU.ActiveCfg = Release|Any CPU
		{F8CBF5AE-A270-B52E-C595-7A10C5B5C31C}.Release|Any CPU.Build.0 = Release|Any CPU
		{BE8358C8-854D-560D-19AA-0983D08A936E}.Debug|Any CPU.ActiveCfg = Debug|Any CPU
		{BE8358C8-854D-560D-19AA-0983D08A936E}.Debug|Any CPU.Build.0 = Debug|Any CPU
		{BE8358C8-854D-560D-19AA-0983D08A936E}.Release|Any CPU.ActiveCfg = Release|Any CPU
		{BE8358C8-854D-560D-19AA-0983D08A936E}.Release|Any CPU.Build.0 = Release|Any CPU
		{3027B7C5-B32E-0C1E-7E50-2D88DD47469C}.Debug|Any CPU.ActiveCfg = Debug|Any CPU
		{3027B7C5-B32E-0C1E-7E50-2D88DD47469C}.Debug|Any CPU.Build.0 = Debug|Any CPU
		{3027B7C5-B32E-0C1E-7E50-2D88DD47469C}.Release|Any CPU.ActiveCfg = Release|Any CPU
		{3027B7C5-B32E-0C1E-7E50-2D88DD47469C}.Release|Any CPU.Build.0 = Release|Any CPU
		{ACF8ADA2-9AB4-29C4-1499-503B0AFB9BDE}.Debug|Any CPU.ActiveCfg = Debug|Any CPU
		{ACF8ADA2-9AB4-29C4-1499-503B0AFB9BDE}.Debug|Any CPU.Build.0 = Debug|Any CPU
		{ACF8ADA2-9AB4-29C4-1499-503B0AFB9BDE}.Release|Any CPU.ActiveCfg = Release|Any CPU
		{ACF8ADA2-9AB4-29C4-1499-503B0AFB9BDE}.Release|Any CPU.Build.0 = Release|Any CPU
		{AF719614-9176-676C-78C4-A11021220E79}.Debug|Any CPU.ActiveCfg = Debug|Any CPU
		{AF719614-9176-676C-78C4-A11021220E79}.Debug|Any CPU.Build.0 = Debug|Any CPU
		{AF719614-9176-676C-78C4-A11021220E79}.Release|Any CPU.ActiveCfg = Release|Any CPU
		{AF719614-9176-676C-78C4-A11021220E79}.Release|Any CPU.Build.0 = Release|Any CPU
		{6C9841B6-23F4-B02D-4425-3D26CAB2D587}.Debug|Any CPU.ActiveCfg = Debug|Any CPU
		{6C9841B6-23F4-B02D-4425-3D26CAB2D587}.Debug|Any CPU.Build.0 = Debug|Any CPU
		{6C9841B6-23F4-B02D-4425-3D26CAB2D587}.Release|Any CPU.ActiveCfg = Release|Any CPU
		{6C9841B6-23F4-B02D-4425-3D26CAB2D587}.Release|Any CPU.Build.0 = Release|Any CPU
		{FD305C8F-5805-B6F0-B1BD-92FF2B5302E6}.Debug|Any CPU.ActiveCfg = Debug|Any CPU
		{FD305C8F-5805-B6F0-B1BD-92FF2B5302E6}.Debug|Any CPU.Build.0 = Debug|Any CPU
		{FD305C8F-5805-B6F0-B1BD-92FF2B5302E6}.Release|Any CPU.ActiveCfg = Release|Any CPU
		{FD305C8F-5805-B6F0-B1BD-92FF2B5302E6}.Release|Any CPU.Build.0 = Release|Any CPU
		{F99E8002-BE46-9E4C-0A93-B35EC7C50A6F}.Debug|Any CPU.ActiveCfg = Debug|Any CPU
		{F99E8002-BE46-9E4C-0A93-B35EC7C50A6F}.Debug|Any CPU.Build.0 = Debug|Any CPU
		{F99E8002-BE46-9E4C-0A93-B35EC7C50A6F}.Release|Any CPU.ActiveCfg = Release|Any CPU
		{F99E8002-BE46-9E4C-0A93-B35EC7C50A6F}.Release|Any CPU.Build.0 = Release|Any CPU
		{B7A8C759-47E3-0040-D571-CEE0AB816163}.Debug|Any CPU.ActiveCfg = Debug|Any CPU
		{B7A8C759-47E3-0040-D571-CEE0AB816163}.Debug|Any CPU.Build.0 = Debug|Any CPU
		{B7A8C759-47E3-0040-D571-CEE0AB816163}.Release|Any CPU.ActiveCfg = Release|Any CPU
		{B7A8C759-47E3-0040-D571-CEE0AB816163}.Release|Any CPU.Build.0 = Release|Any CPU
		{AAD700D8-12C2-2AA4-333A-547B9B99EF13}.Debug|Any CPU.ActiveCfg = Debug|Any CPU
		{AAD700D8-12C2-2AA4-333A-547B9B99EF13}.Debug|Any CPU.Build.0 = Debug|Any CPU
		{AAD700D8-12C2-2AA4-333A-547B9B99EF13}.Release|Any CPU.ActiveCfg = Release|Any CPU
		{AAD700D8-12C2-2AA4-333A-547B9B99EF13}.Release|Any CPU.Build.0 = Release|Any CPU
		{0B690235-2D64-0E97-FA49-6FA6DC5796A3}.Debug|Any CPU.ActiveCfg = Debug|Any CPU
		{0B690235-2D64-0E97-FA49-6FA6DC5796A3}.Debug|Any CPU.Build.0 = Debug|Any CPU
		{0B690235-2D64-0E97-FA49-6FA6DC5796A3}.Release|Any CPU.ActiveCfg = Release|Any CPU
		{0B690235-2D64-0E97-FA49-6FA6DC5796A3}.Release|Any CPU.Build.0 = Release|Any CPU
		{F0D2E34C-1FA5-2734-9ECC-846DB5A341F4}.Debug|Any CPU.ActiveCfg = Debug|Any CPU
		{F0D2E34C-1FA5-2734-9ECC-846DB5A341F4}.Debug|Any CPU.Build.0 = Debug|Any CPU
		{F0D2E34C-1FA5-2734-9ECC-846DB5A341F4}.Release|Any CPU.ActiveCfg = Release|Any CPU
		{F0D2E34C-1FA5-2734-9ECC-846DB5A341F4}.Release|Any CPU.Build.0 = Release|Any CPU
	EndGlobalSection
	GlobalSection(SolutionProperties) = preSolution
		HideSolutionNode = FALSE
	EndGlobalSection
EndGlobal
